
Microsoft Visual Studio Solution File, Format Version 11.00
# Visual Studio 2010
Project("{FAE04EC0-301F-11D3-BF4B-00C04F79EFBC}") = "Ejemplo15 Split", "Ejemplo15 Split\Ejemplo15 Split.csproj", "{AAE43265-9143-4CCD-A61A-664685B8A616}"
EndProject
Global
	GlobalSection(SolutionConfigurationPlatforms) = preSolution
		Debug|x86 = Debug|x86
		Release|x86 = Release|x86
	EndGlobalSection
	GlobalSection(ProjectConfigurationPlatforms) = postSolution
		{AAE43265-9143-4CCD-A61A-664685B8A616}.Debug|x86.ActiveCfg = Debug|x86
		{AAE43265-9143-4CCD-A61A-664685B8A616}.Debug|x86.Build.0 = Debug|x86
		{AAE43265-9143-4CCD-A61A-664685B8A616}.Release|x86.ActiveCfg = Release|x86
		{AAE43265-9143-4CCD-A61A-664685B8A616}.Release|x86.Build.0 = Release|x86
	EndGlobalSection
	GlobalSection(SolutionProperties) = preSolution
		HideSolutionNode = FALSE
	EndGlobalSection
EndGlobal
